
Microsoft Visual Studio Solution File, Format Version 12.00
# Visual Studio Version 17
VisualStudioVersion = 17.10.35122.118
MinimumVisualStudioVersion = 10.0.40219.1
Project("{9A19103F-16F7-4668-BE54-9A1E7A4F7556}") = "Application", "..\Application\Application.csproj", "{A50DB0EB-7326-4D4A-ACAF-8C8674F8C5B2}"
EndProject
Project("{9A19103F-16F7-4668-BE54-9A1E7A4F7556}") = "Domain", "..\Domain\Domain.csproj", "{38DBDC8B-8982-445F-A069-A4F152C42A8C}"
EndProject
Project("{9A19103F-16F7-4668-BE54-9A1E7A4F7556}") = "Presentation", "..\Presentation\Presentation.csproj", "{3491A75D-83B9-4A4C-924D-2FCC6D788180}"
EndProject
Project("{9A19103F-16F7-4668-BE54-9A1E7A4F7556}") = "Infraestructore", "infra\Infraestructore.csproj", "{2B02480E-F3C1-4F04-97E6-6F93B94A23A0}"
EndProject
Project("{FAE04EC0-301F-11D3-BF4B-00C04F79EFBC}") = "Test", "Test\Test.csproj", "{8D1CCAEB-9385-4C40-B23D-8FBD57FBC9BC}"
EndProject
Global
	GlobalSection(SolutionConfigurationPlatforms) = preSolution
		Debug|Any CPU = Debug|Any CPU
		Release|Any CPU = Release|Any CPU
	EndGlobalSection
	GlobalSection(ProjectConfigurationPlatforms) = postSolution
		{A50DB0EB-7326-4D4A-ACAF-8C8674F8C5B2}.Debug|Any CPU.ActiveCfg = Debug|Any CPU
		{A50DB0EB-7326-4D4A-ACAF-8C8674F8C5B2}.Debug|Any CPU.Build.0 = Debug|Any CPU
		{A50DB0EB-7326-4D4A-ACAF-8C8674F8C5B2}.Release|Any CPU.ActiveCfg = Release|Any CPU
		{A50DB0EB-7326-4D4A-ACAF-8C8674F8C5B2}.Release|Any CPU.Build.0 = Release|Any CPU
		{38DBDC8B-8982-445F-A069-A4F152C42A8C}.Debug|Any CPU.ActiveCfg = Debug|Any CPU
		{38DBDC8B-8982-445F-A069-A4F152C42A8C}.Debug|Any CPU.Build.0 = Debug|Any CPU
		{38DBDC8B-8982-445F-A069-A4F152C42A8C}.Release|Any CPU.ActiveCfg = Release|Any CPU
		{38DBDC8B-8982-445F-A069-A4F152C42A8C}.Release|Any CPU.Build.0 = Release|Any CPU
		{3491A75D-83B9-4A4C-924D-2FCC6D788180}.Debug|Any CPU.ActiveCfg = Debug|Any CPU
		{3491A75D-83B9-4A4C-924D-2FCC6D788180}.Debug|Any CPU.Build.0 = Debug|Any CPU
		{3491A75D-83B9-4A4C-924D-2FCC6D788180}.Release|Any CPU.ActiveCfg = Release|Any CPU
		{3491A75D-83B9-4A4C-924D-2FCC6D788180}.Release|Any CPU.Build.0 = Release|Any CPU
		{2B02480E-F3C1-4F04-97E6-6F93B94A23A0}.Debug|Any CPU.ActiveCfg = Debug|Any CPU
		{2B02480E-F3C1-4F04-97E6-6F93B94A23A0}.Debug|Any CPU.Build.0 = Debug|Any CPU
		{2B02480E-F3C1-4F04-97E6-6F93B94A23A0}.Release|Any CPU.ActiveCfg = Release|Any CPU
		{2B02480E-F3C1-4F04-97E6-6F93B94A23A0}.Release|Any CPU.Build.0 = Release|Any CPU
		{8D1CCAEB-9385-4C40-B23D-8FBD57FBC9BC}.Debug|Any CPU.ActiveCfg = Debug|Any CPU
		{8D1CCAEB-9385-4C40-B23D-8FBD57FBC9BC}.Debug|Any CPU.Build.0 = Debug|Any CPU
		{8D1CCAEB-9385-4C40-B23D-8FBD57FBC9BC}.Release|Any CPU.ActiveCfg = Release|Any CPU
		{8D1CCAEB-9385-4C40-B23D-8FBD57FBC9BC}.Release|Any CPU.Build.0 = Release|Any CPU
	EndGlobalSection
	GlobalSection(SolutionProperties) = preSolution
		HideSolutionNode = FALSE
	EndGlobalSection
	GlobalSection(ExtensibilityGlobals) = postSolution
		SolutionGuid = {67C6B336-A541-4ABB-9C1A-59762A7CA4DE}
	EndGlobalSection
EndGlobal
